
Microsoft Visual Studio Solution File, Format Version 12.00
# Visual Studio Version 17
VisualStudioVersion = 17.12.35707.178 d17.12
MinimumVisualStudioVersion = 10.0.40219.1
Project("{FAE04EC0-301F-11D3-BF4B-00C04F79EFBC}") = "Excecao", "Excecao\Excecao.csproj", "{203762F7-FC29-46D0-A52E-C258A32874BB}"
EndProject
Project("{FAE04EC0-301F-11D3-BF4B-00C04F79EFBC}") = "Throw", "Throw\Throw.csproj", "{DA1506C3-6A25-4E23-B98E-8BCF9327FC8E}"
EndProject
Project("{FAE04EC0-301F-11D3-BF4B-00C04F79EFBC}") = "Personalizada", "Personalizada\Personalizada.csproj", "{9E562905-D143-4FED-8F70-75A68E485DB6}"
EndProject
Global
	GlobalSection(SolutionConfigurationPlatforms) = preSolution
		Debug|Any CPU = Debug|Any CPU
		Release|Any CPU = Release|Any CPU
	EndGlobalSection
	GlobalSection(ProjectConfigurationPlatforms) = postSolution
		{203762F7-FC29-46D0-A52E-C258A32874BB}.Debug|Any CPU.ActiveCfg = Debug|Any CPU
		{203762F7-FC29-46D0-A52E-C258A32874BB}.Debug|Any CPU.Build.0 = Debug|Any CPU
		{203762F7-FC29-46D0-A52E-C258A32874BB}.Release|Any CPU.ActiveCfg = Release|Any CPU
		{203762F7-FC29-46D0-A52E-C258A32874BB}.Release|Any CPU.Build.0 = Release|Any CPU
		{DA1506C3-6A25-4E23-B98E-8BCF9327FC8E}.Debug|Any CPU.ActiveCfg = Debug|Any CPU
		{DA1506C3-6A25-4E23-B98E-8BCF9327FC8E}.Debug|Any CPU.Build.0 = Debug|Any CPU
		{DA1506C3-6A25-4E23-B98E-8BCF9327FC8E}.Release|Any CPU.ActiveCfg = Release|Any CPU
		{DA1506C3-6A25-4E23-B98E-8BCF9327FC8E}.Release|Any CPU.Build.0 = Release|Any CPU
		{9E562905-D143-4FED-8F70-75A68E485DB6}.Debug|Any CPU.ActiveCfg = Debug|Any CPU
		{9E562905-D143-4FED-8F70-75A68E485DB6}.Debug|Any CPU.Build.0 = Debug|Any CPU
		{9E562905-D143-4FED-8F70-75A68E485DB6}.Release|Any CPU.ActiveCfg = Release|Any CPU
		{9E562905-D143-4FED-8F70-75A68E485DB6}.Release|Any CPU.Build.0 = Release|Any CPU
	EndGlobalSection
	GlobalSection(SolutionProperties) = preSolution
		HideSolutionNode = FALSE
	EndGlobalSection
EndGlobal
