<Solution>
  <Project Path="Exercicio1Delegate_Evento/Exercicio1Delegate_Evento.csproj" />
  <Project Path="Exercicio2Delegate_Evento/Exercicio2Delegate_Evento.csproj" />
  <Project Path="Exercicio3Delegate_Evento/Exercicio3Delegate_Evento.csproj" />
  <Project Path="Exercicio4Delegate_Evento/Exercicio4Delegate_Evento.csproj" />
</Solution>
